
Microsoft Visual Studio Solution File, Format Version 12.00
# Visual Studio Version 17
VisualStudioVersion = 17.11.35327.3
MinimumVisualStudioVersion = 10.0.40219.1
Project("{FAE04EC0-301F-11D3-BF4B-00C04F79EFBC}") = "Exec_2", "Exec_2\Exec_2.csproj", "{C01D88D0-16DD-4E15-A7BA-B7E120E24B46}"
EndProject
Project("{FAE04EC0-301F-11D3-BF4B-00C04F79EFBC}") = "Exec_3", "Exec_3\Exec_3.csproj", "{D70C275A-B7D4-4D9F-AAD0-6451699BC26E}"
EndProject
Project("{FAE04EC0-301F-11D3-BF4B-00C04F79EFBC}") = "Exec_4", "Exec_4\Exec_4.csproj", "{5021167A-85E6-4FE1-BC5F-F41902BAB58E}"
EndProject
Project("{FAE04EC0-301F-11D3-BF4B-00C04F79EFBC}") = "Exec_5", "Exec_5\Exec_5.csproj", "{EC9326F7-29A2-4810-8290-05C026510CFD}"
EndProject
Project("{FAE04EC0-301F-11D3-BF4B-00C04F79EFBC}") = "Exec_1", "Exec_1\Exec_1.csproj", "{451D3AA0-C2C9-4A6C-B29E-4D4B3527281C}"
EndProject
Global
	GlobalSection(SolutionConfigurationPlatforms) = preSolution
		Debug|Any CPU = Debug|Any CPU
		Release|Any CPU = Release|Any CPU
	EndGlobalSection
	GlobalSection(ProjectConfigurationPlatforms) = postSolution
		{C01D88D0-16DD-4E15-A7BA-B7E120E24B46}.Debug|Any CPU.ActiveCfg = Debug|Any CPU
		{C01D88D0-16DD-4E15-A7BA-B7E120E24B46}.Debug|Any CPU.Build.0 = Debug|Any CPU
		{C01D88D0-16DD-4E15-A7BA-B7E120E24B46}.Release|Any CPU.ActiveCfg = Release|Any CPU
		{C01D88D0-16DD-4E15-A7BA-B7E120E24B46}.Release|Any CPU.Build.0 = Release|Any CPU
		{D70C275A-B7D4-4D9F-AAD0-6451699BC26E}.Debug|Any CPU.ActiveCfg = Debug|Any CPU
		{D70C275A-B7D4-4D9F-AAD0-6451699BC26E}.Debug|Any CPU.Build.0 = Debug|Any CPU
		{D70C275A-B7D4-4D9F-AAD0-6451699BC26E}.Release|Any CPU.ActiveCfg = Release|Any CPU
		{D70C275A-B7D4-4D9F-AAD0-6451699BC26E}.Release|Any CPU.Build.0 = Release|Any CPU
		{5021167A-85E6-4FE1-BC5F-F41902BAB58E}.Debug|Any CPU.ActiveCfg = Debug|Any CPU
		{5021167A-85E6-4FE1-BC5F-F41902BAB58E}.Debug|Any CPU.Build.0 = Debug|Any CPU
		{5021167A-85E6-4FE1-BC5F-F41902BAB58E}.Release|Any CPU.ActiveCfg = Release|Any CPU
		{5021167A-85E6-4FE1-BC5F-F41902BAB58E}.Release|Any CPU.Build.0 = Release|Any CPU
		{EC9326F7-29A2-4810-8290-05C026510CFD}.Debug|Any CPU.ActiveCfg = Debug|Any CPU
		{EC9326F7-29A2-4810-8290-05C026510CFD}.Debug|Any CPU.Build.0 = Debug|Any CPU
		{EC9326F7-29A2-4810-8290-05C026510CFD}.Release|Any CPU.ActiveCfg = Release|Any CPU
		{EC9326F7-29A2-4810-8290-05C026510CFD}.Release|Any CPU.Build.0 = Release|Any CPU
		{451D3AA0-C2C9-4A6C-B29E-4D4B3527281C}.Debug|Any CPU.ActiveCfg = Debug|Any CPU
		{451D3AA0-C2C9-4A6C-B29E-4D4B3527281C}.Debug|Any CPU.Build.0 = Debug|Any CPU
		{451D3AA0-C2C9-4A6C-B29E-4D4B3527281C}.Release|Any CPU.ActiveCfg = Release|Any CPU
		{451D3AA0-C2C9-4A6C-B29E-4D4B3527281C}.Release|Any CPU.Build.0 = Release|Any CPU
	EndGlobalSection
	GlobalSection(SolutionProperties) = preSolution
		HideSolutionNode = FALSE
	EndGlobalSection
	GlobalSection(ExtensibilityGlobals) = postSolution
		SolutionGuid = {5893A029-88DF-471C-A42E-6A326B8D5458}
	EndGlobalSection
EndGlobal
